
Microsoft Visual Studio Solution File, Format Version 12.00
# Visual Studio Version 17
VisualStudioVersion = 17.1.32421.90
MinimumVisualStudioVersion = 10.0.40219.1
Project("{FAE04EC0-301F-11D3-BF4B-00C04F79EFBC}") = "BasicMusicPlayerCS", "BasicMusicPlayerCS\BasicMusicPlayerCS.csproj", "{19A1B44F-0883-4575-9C8B-16A575EE841C}"
EndProject
Global
	GlobalSection(SolutionConfigurationPlatforms) = preSolution
		Debug|Any CPU = Debug|Any CPU
		Release|Any CPU = Release|Any CPU
	EndGlobalSection
	GlobalSection(ProjectConfigurationPlatforms) = postSolution
		{19A1B44F-0883-4575-9C8B-16A575EE841C}.Debug|Any CPU.ActiveCfg = Debug|Any CPU
		{19A1B44F-0883-4575-9C8B-16A575EE841C}.Debug|Any CPU.Build.0 = Debug|Any CPU
		{19A1B44F-0883-4575-9C8B-16A575EE841C}.Release|Any CPU.ActiveCfg = Release|Any CPU
		{19A1B44F-0883-4575-9C8B-16A575EE841C}.Release|Any CPU.Build.0 = Release|Any CPU
	EndGlobalSection
	GlobalSection(SolutionProperties) = preSolution
		HideSolutionNode = FALSE
	EndGlobalSection
	GlobalSection(ExtensibilityGlobals) = postSolution
		SolutionGuid = {DCB877B0-4526-455A-8667-0DEE2D7F00B7}
	EndGlobalSection
EndGlobal
